// !$*UTF8*$!
{
	archiveVersion = 1;
	classes = {
	};
	objectVersion = 77;
	objects = {

/* Begin PBXContainerItemProxy section */
		76EC28CA2F5E83510054FE1F /* PBXContainerItemProxy */ = {
			isa = PBXContainerItemProxy;
			containerPortal = 76EC28B42F5E834F0054FE1F /* Project object */;
			proxyType = 1;
			remoteGlobalIDString = 76EC28BB2F5E834F0054FE1F;
			remoteInfo = "AppRaisalKit Sample";
		};
		76EC28D42F5E83510054FE1F /* PBXContainerItemProxy */ = {
			isa = PBXContainerItemProxy;
			containerPortal = 76EC28B42F5E834F0054FE1F /* Project object */;
			proxyType = 1;
			remoteGlobalIDString = 76EC28BB2F5E834F0054FE1F;
			remoteInfo = "AppRaisalKit Sample";
		};
/* End PBXContainerItemProxy section */

/* Begin PBXFileReference section */
		76EC28BC2F5E834F0054FE1F /* AppRaisalKit Sample.app */ = {isa = PBXFileReference; explicitFileType = wrapper.application; includeInIndex = 0; path = "AppRaisalKit Sample.app"; sourceTree = BUILT_PRODUCTS_DIR; };
		76EC28C92F5E83510054FE1F /* AppRaisalKit SampleTests.xctest */ = {isa = PBXFileReference; explicitFileType = wrapper.cfbundle; includeInIndex = 0; path = "AppRaisalKit SampleTests.xctest"; sourceTree = BUILT_PRODUCTS_DIR; };
		76EC28D32F5E83510054FE1F /* AppRaisalKit SampleUITests.xctest */ = {isa = PBXFileReference; explicitFileType = wrapper.cfbundle; includeInIndex = 0; path = "AppRaisalKit SampleUITests.xctest"; sourceTree = BUILT_PRODUCTS_DIR; };
/* End PBXFileReference section */

/* Begin PBXFileSystemSynchronizedRootGroup section */
		76EC28BE2F5E834F0054FE1F /* AppRaisalKit Sample */ = {
			isa = PBXFileSystemSynchronizedRootGroup;
			path = "AppRaisalKit Sample";
			sourceTree = "<group>";
		};
		76EC28CC2F5E83510054FE1F /* AppRaisalKit SampleTests */ = {
			isa = PBXFileSystemSynchronizedRootGroup;
			path = "AppRaisalKit SampleTests";
			sourceTree = "<group>";
		};
		76EC28D62F5E83510054FE1F /* AppRaisalKit SampleUITests */ = {
			isa = PBXFileSystemSynchronizedRootGroup;
			path = "AppRaisalKit SampleUITests";
			sourceTree = "<group>";
		};
/* End PBXFileSystemSynchronizedRootGroup section */

/* Begin PBXFrameworksBuildPhase section */
		76EC28B92F5E834F0054FE1F /* Frameworks */ = {
			isa = PBXFrameworksBuildPhase;
			buildActionMask = 2147483647;
			files = (
			);
			runOnlyForDeploymentPostprocessing = 0;
		};
		76EC28C62F5E83510054FE1F /* Frameworks */ = {
			isa = PBXFrameworksBuildPhase;
			buildActionMask = 2147483647;
			files = (
			);
			runOnlyForDeploymentPostprocessing = 0;
		};
		76EC28D02F5E83510054FE1F /* Frameworks */ = {
			isa = PBXFrameworksBuildPhase;
			buildActionMask = 2147483647;
			files = (
			);
			runOnlyForDeploymentPostprocessing = 0;
		};
/* End PBXFrameworksBuildPhase section */

/* Begin PBXGroup section */
		76EC28B32F5E834F0054FE1F = {
			isa = PBXGroup;
			children = (
				76EC28BE2F5E834F0054FE1F /* AppRaisalKit Sample */,
				76EC28CC2F5E83510054FE1F /* AppRaisalKit SampleTests */,
				76EC28D62F5E83510054FE1F /* AppRaisalKit SampleUITests */,
				76EC28BD2F5E834F0054FE1F /* Products */,
			);
			sourceTree = "<group>";
		};
		76EC28BD2F5E834F0054FE1F /* Products */ = {
			isa = PBXGroup;
			children = (
				76EC28BC2F5E834F0054FE1F /* AppRaisalKit Sample.app */,
				76EC28C92F5E83510054FE1F /* AppRaisalKit SampleTests.xctest */,
				76EC28D32F5E83510054FE1F /* AppRaisalKit SampleUITests.xctest */,
			);
			name = Products;
			sourceTree = "<group>";
		};
/* End PBXGroup section */

/* Begin PBXNativeTarget section */
		76EC28BB2F5E834F0054FE1F /* AppRaisalKit Sample */ = {
			isa = PBXNativeTarget;
			buildConfigurationList = 76EC28DD2F5E83510054FE1F /* Build configuration list for PBXNativeTarget "AppRaisalKit Sample" */;
			buildPhases = (
				76EC28B82F5E834F0054FE1F /* Sources */,
				76EC28B92F5E834F0054FE1F /* Frameworks */,
				76EC28BA2F5E834F0054FE1F /* Resources */,
			);
			buildRules = (
			);
			dependencies = (
			);
			fileSystemSynchronizedGroups = (
				76EC28BE2F5E834F0054FE1F /* AppRaisalKit Sample */,
			);
			name = "AppRaisalKit Sample";
			packageProductDependencies = (
			);
			productName = "AppRaisalKit Sample";
			productReference = 76EC28BC2F5E834F0054FE1F /* AppRaisalKit Sample.app */;
			productType = "com.apple.product-type.application";
		};
		76EC28C82F5E83510054FE1F /* AppRaisalKit SampleTests */ = {
			isa = PBXNativeTarget;
			buildConfigurationList = 76EC28E02F5E83510054FE1F /* Build configuration list for PBXNativeTarget "AppRaisalKit SampleTests" */;
			buildPhases = (
				76EC28C52F5E83510054FE1F /* Sources */,
				76EC28C62F5E83510054FE1F /* Frameworks */,
				76EC28C72F5E83510054FE1F /* Resources */,
			);
			buildRules = (
			);
			dependencies = (
				76EC28CB2F5E83510054FE1F /* PBXTargetDependency */,
			);
			fileSystemSynchronizedGroups = (
				76EC28CC2F5E83510054FE1F /* AppRaisalKit SampleTests */,
			);
			name = "AppRaisalKit SampleTests";
			packageProductDependencies = (
			);
			productName = "AppRaisalKit SampleTests";
			productReference = 76EC28C92F5E83510054FE1F /* AppRaisalKit SampleTests.xctest */;
			productType = "com.apple.product-type.bundle.unit-test";
		};
		76EC28D22F5E83510054FE1F /* AppRaisalKit SampleUITests */ = {
			isa = PBXNativeTarget;
			buildConfigurationList = 76EC28E32F5E83510054FE1F /* Build configuration list for PBXNativeTarget "AppRaisalKit SampleUITests" */;
			buildPhases = (
				76EC28CF2F5E83510054FE1F /* Sources */,
				76EC28D02F5E83510054FE1F /* Frameworks */,
				76EC28D12F5E83510054FE1F /* Resources */,
			);
			buildRules = (
			);
			dependencies = (
				76EC28D52F5E83510054FE1F /* PBXTargetDependency */,
			);
			fileSystemSynchronizedGroups = (
				76EC28D62F5E83510054FE1F /* AppRaisalKit SampleUITests */,
			);
			name = "AppRaisalKit SampleUITests";
			packageProductDependencies = (
			);
			productName = "AppRaisalKit SampleUITests";
			productReference = 76EC28D32F5E83510054FE1F /* AppRaisalKit SampleUITests.xctest */;
			productType = "com.apple.product-type.bundle.ui-testing";
		};
/* End PBXNativeTarget section */

/* Begin PBXProject section */
		76EC28B42F5E834F0054FE1F /* Project object */ = {
			isa = PBXProject;
			attributes = {
				BuildIndependentTargetsInParallel = 1;
				LastSwiftUpdateCheck = 2620;
				LastUpgradeCheck = 2620;
				TargetAttributes = {
					76EC28BB2F5E834F0054FE1F = {
						CreatedOnToolsVersion = 26.2;
					};
					76EC28C82F5E83510054FE1F = {
						CreatedOnToolsVersion = 26.2;
						TestTargetID = 76EC28BB2F5E834F0054FE1F;
					};
					76EC28D22F5E83510054FE1F = {
						CreatedOnToolsVersion = 26.2;
						TestTargetID = 76EC28BB2F5E834F0054FE1F;
					};
				};
			};
			buildConfigurationList = 76EC28B72F5E834F0054FE1F /* Build configuration list for PBXProject "AppRaisalKit Sample" */;
			developmentRegion = en;
			hasScannedForEncodings = 0;
			knownRegions = (
				en,
				Base,
			);
			mainGroup = 76EC28B32F5E834F0054FE1F;
			minimizedProjectReferenceProxies = 1;
			preferredProjectObjectVersion = 77;
			productRefGroup = 76EC28BD2F5E834F0054FE1F /* Products */;
			projectDirPath = "";
			projectRoot = "";
			targets = (
				76EC28BB2F5E834F0054FE1F /* AppRaisalKit Sample */,
				76EC28C82F5E83510054FE1F /* AppRaisalKit SampleTests */,
				76EC28D22F5E83510054FE1F /* AppRaisalKit SampleUITests */,
			);
		};
/* End PBXProject section */

/* Begin PBXResourcesBuildPhase section */
		76EC28BA2F5E834F0054FE1F /* Resources */ = {
			isa = PBXResourcesBuildPhase;
			buildActionMask = 2147483647;
			files = (
			);
			runOnlyForDeploymentPostprocessing = 0;
		};
		76EC28C72F5E83510054FE1F /* Resources */ = {
			isa = PBXResourcesBuildPhase;
			buildActionMask = 2147483647;
			files = (
			);
			runOnlyForDeploymentPostprocessing = 0;
		};
		76EC28D12F5E83510054FE1F /* Resources */ = {
			isa = PBXResourcesBuildPhase;
			buildActionMask = 2147483647;
			files = (
			);
			runOnlyForDeploymentPostprocessing = 0;
		};
/* End PBXResourcesBuildPhase section */

/* Begin PBXSourcesBuildPhase section */
		76EC28B82F5E834F0054FE1F /* Sources */ = {
			isa = PBXSourcesBuildPhase;
			buildActionMask = 2147483647;
			files = (
			);
			runOnlyForDeploymentPostprocessing = 0;
		};
		76EC28C52F5E83510054FE1F /* Sources */ = {
			isa = PBXSourcesBuildPhase;
			buildActionMask = 2147483647;
			files = (
			);
			runOnlyForDeploymentPostprocessing = 0;
		};
		76EC28CF2F5E83510054FE1F /* Sources */ = {
			isa = PBXSourcesBuildPhase;
			buildActionMask = 2147483647;
			files = (
			);
			runOnlyForDeploymentPostprocessing = 0;
		};
/* End PBXSourcesBuildPhase section */

/* Begin PBXTargetDependency section */
		76EC28CB2F5E83510054FE1F /* PBXTargetDependency */ = {
			isa = PBXTargetDependency;
			target = 76EC28BB2F5E834F0054FE1F /* AppRaisalKit Sample */;
			targetProxy = 76EC28CA2F5E83510054FE1F /* PBXContainerItemProxy */;
		};
		76EC28D52F5E83510054FE1F /* PBXTargetDependency */ = {
			isa = PBXTargetDependency;
			target = 76EC28BB2F5E834F0054FE1F /* AppRaisalKit Sample */;
			targetProxy = 76EC28D42F5E83510054FE1F /* PBXContainerItemProxy */;
		};
/* End PBXTargetDependency section */

/* Begin XCBuildConfiguration section */
		76EC28DB2F5E83510054FE1F /* Debug */ = {
			isa = XCBuildConfiguration;
			buildSettings = {
				ALWAYS_SEARCH_USER_PATHS = NO;
				ASSETCATALOG_COMPILER_GENERATE_SWIFT_ASSET_SYMBOL_EXTENSIONS = YES;
				CLANG_ANALYZER_NONNULL = YES;
				CLANG_ANALYZER_NUMBER_OBJECT_CONVERSION = YES_AGGRESSIVE;
				CLANG_CXX_LANGUAGE_STANDARD = "gnu++20";
				CLANG_ENABLE_MODULES = YES;
				CLANG_ENABLE_OBJC_ARC = YES;
				CLANG_ENABLE_OBJC_WEAK = YES;
				CLANG_WARN_BLOCK_CAPTURE_AUTORELEASING = YES;
				CLANG_WARN_BOOL_CONVERSION = YES;
				CLANG_WARN_COMMA = YES;
				CLANG_WARN_CONSTANT_CONVERSION = YES;
				CLANG_WARN_DEPRECATED_OBJC_IMPLEMENTATIONS = YES;
				CLANG_WARN_DIRECT_OBJC_ISA_USAGE = YES_ERROR;
				CLANG_WARN_DOCUMENTATION_COMMENTS = YES;
				CLANG_WARN_EMPTY_BODY = YES;
				CLANG_WARN_ENUM_CONVERSION = YES;
				CLANG_WARN_INFINITE_RECURSION = YES;
				CLANG_WARN_INT_CONVERSION = YES;
				CLANG_WARN_NON_LITERAL_NULL_CONVERSION = YES;
				CLANG_WARN_OBJC_IMPLICIT_RETAIN_SELF = YES;
				CLANG_WARN_OBJC_LITERAL_CONVERSION = YES;
				CLANG_WARN_OBJC_ROOT_CLASS = YES_ERROR;
				CLANG_WARN_QUOTED_INCLUDE_IN_FRAMEWORK_HEADER = YES;
				CLANG_WARN_RANGE_LOOP_ANALYSIS = YES;
				CLANG_WARN_STRICT_PROTOTYPES = YES;
				CLANG_WARN_SUSPICIOUS_MOVE = YES;
				CLANG_WARN_UNGUARDED_AVAILABILITY = YES_AGGRESSIVE;
				CLANG_WARN_UNREACHABLE_CODE = YES;
				CLANG_WARN__DUPLICATE_METHOD_MATCH = YES;
				COPY_PHASE_STRIP = NO;
				DEBUG_INFORMATION_FORMAT = dwarf;
				ENABLE_STRICT_OBJC_MSGSEND = YES;
				ENABLE_TESTABILITY = YES;
				ENABLE_USER_SCRIPT_SANDBOXING = YES;
				GCC_C_LANGUAGE_STANDARD = gnu17;
				GCC_DYNAMIC_NO_PIC = NO;
				GCC_NO_COMMON_BLOCKS = YES;
				GCC_OPTIMIZATION_LEVEL = 0;
				GCC_PREPROCESSOR_DEFINITIONS = (
					"DEBUG=1",
					"$(inherited)",
				);
				GCC_WARN_64_TO_32_BIT_CONVERSION = YES;
				GCC_WARN_ABOUT_RETURN_TYPE = YES_ERROR;
				GCC_WARN_UNDECLARED_SELECTOR = YES;
				GCC_WARN_UNINITIALIZED_AUTOS = YES_AGGRESSIVE;
				GCC_WARN_UNUSED_FUNCTION = YES;
				GCC_WARN_UNUSED_VARIABLE = YES;
				IPHONEOS_DEPLOYMENT_TARGET = 26.2;
				LOCALIZATION_PREFERS_STRING_CATALOGS = YES;
				MTL_ENABLE_DEBUG_INFO = INCLUDE_SOURCE;
				MTL_FAST_MATH = YES;
				ONLY_ACTIVE_ARCH = YES;
				SDKROOT = iphoneos;
				SWIFT_ACTIVE_COMPILATION_CONDITIONS = "DEBUG $(inherited)";
				SWIFT_OPTIMIZATION_LEVEL = "-Onone";
			};
			name = Debug;
		};
		76EC28DC2F5E83510054FE1F /* Release */ = {
			isa = XCBuildConfiguration;
			buildSettings = {
				ALWAYS_SEARCH_USER_PATHS = NO;
				ASSETCATALOG_COMPILER_GENERATE_SWIFT_ASSET_SYMBOL_EXTENSIONS = YES;
				CLANG_ANALYZER_NONNULL = YES;
				CLANG_ANALYZER_NUMBER_OBJECT_CONVERSION = YES_AGGRESSIVE;
				CLANG_CXX_LANGUAGE_STANDARD = "gnu++20";
				CLANG_ENABLE_MODULES = YES;
				CLANG_ENABLE_OBJC_ARC = YES;
				CLANG_ENABLE_OBJC_WEAK = YES;
				CLANG_WARN_BLOCK_CAPTURE_AUTORELEASING = YES;
				CLANG_WARN_BOOL_CONVERSION = YES;
				CLANG_WARN_COMMA = YES;
				CLANG_WARN_CONSTANT_CONVERSION = YES;
				CLANG_WARN_DEPRECATED_OBJC_IMPLEMENTATIONS = YES;
				CLANG_WARN_DIRECT_OBJC_ISA_USAGE = YES_ERROR;
				CLANG_WARN_DOCUMENTATION_COMMENTS = YES;
				CLANG_WARN_EMPTY_BODY = YES;
				CLANG_WARN_ENUM_CONVERSION = YES;
				CLANG_WARN_INFINITE_RECURSION = YES;
				CLANG_WARN_INT_CONVERSION = YES;
				CLANG_WARN_NON_LITERAL_NULL_CONVERSION = YES;
				CLANG_WARN_OBJC_IMPLICIT_RETAIN_SELF = YES;
				CLANG_WARN_OBJC_LITERAL_CONVERSION = YES;
				CLANG_WARN_OBJC_ROOT_CLASS = YES_ERROR;
				CLANG_WARN_QUOTED_INCLUDE_IN_FRAMEWORK_HEADER = YES;
				CLANG_WARN_RANGE_LOOP_ANALYSIS = YES;
				CLANG_WARN_STRICT_PROTOTYPES = YES;
				CLANG_WARN_SUSPICIOUS_MOVE = YES;
				CLANG_WARN_UNGUARDED_AVAILABILITY = YES_AGGRESSIVE;
				CLANG_WARN_UNREACHABLE_CODE = YES;
				CLANG_WARN__DUPLICATE_METHOD_MATCH = YES;
				COPY_PHASE_STRIP = NO;
				DEBUG_INFORMATION_FORMAT = "dwarf-with-dsym";
				ENABLE_NS_ASSERTIONS = NO;
				ENABLE_STRICT_OBJC_MSGSEND = YES;
				ENABLE_USER_SCRIPT_SANDBOXING = YES;
				GCC_C_LANGUAGE_STANDARD = gnu17;
				GCC_NO_COMMON_BLOCKS = YES;
				GCC_WARN_64_TO_32_BIT_CONVERSION = YES;
				GCC_WARN_ABOUT_RETURN_TYPE = YES_ERROR;
				GCC_WARN_UNDECLARED_SELECTOR = YES;
				GCC_WARN_UNINITIALIZED_AUTOS = YES_AGGRESSIVE;
				GCC_WARN_UNUSED_FUNCTION = YES;
				GCC_WARN_UNUSED_VARIABLE = YES;
				IPHONEOS_DEPLOYMENT_TARGET = 26.2;
				LOCALIZATION_PREFERS_STRING_CATALOGS = YES;
				MTL_ENABLE_DEBUG_INFO = NO;
				MTL_FAST_MATH = YES;
				SDKROOT = iphoneos;
				SWIFT_COMPILATION_MODE = wholemodule;
				VALIDATE_PRODUCT = YES;
			};
			name = Release;
		};
		76EC28DE2F5E83510054FE1F /* Debug */ = {
			isa = XCBuildConfiguration;
			buildSettings = {
				ASSETCATALOG_COMPILER_APPICON_NAME = AppIcon;
				ASSETCATALOG_COMPILER_GLOBAL_ACCENT_COLOR_NAME = AccentColor;
				CODE_SIGN_STYLE = Automatic;
				CURRENT_PROJECT_VERSION = 1;
				ENABLE_PREVIEWS = YES;
				GENERATE_INFOPLIST_FILE = YES;
				INFOPLIST_KEY_UIApplicationSceneManifest_Generation = YES;
				INFOPLIST_KEY_UIApplicationSupportsIndirectInputEvents = YES;
				INFOPLIST_KEY_UILaunchScreen_Generation = YES;
				INFOPLIST_KEY_UISupportedInterfaceOrientations_iPad = "UIInterfaceOrientationPortrait UIInterfaceOrientationPortraitUpsideDown UIInterfaceOrientationLandscapeLeft UIInterfaceOrientationLandscapeRight";
				INFOPLIST_KEY_UISupportedInterfaceOrientations_iPhone = "UIInterfaceOrientationPortrait UIInterfaceOrientationLandscapeLeft UIInterfaceOrientationLandscapeRight";
				LD_RUNPATH_SEARCH_PATHS = (
					"$(inherited)",
					"@executable_path/Frameworks",
				);
				MARKETING_VERSION = 1.0;
				PRODUCT_BUNDLE_IDENTIFIER = "com.Akashlal.AppRaisalKit-Sample";
				PRODUCT_NAME = "$(TARGET_NAME)";
				STRING_CATALOG_GENERATE_SYMBOLS = YES;
				SWIFT_APPROACHABLE_CONCURRENCY = YES;
				SWIFT_DEFAULT_ACTOR_ISOLATION = MainActor;
				SWIFT_EMIT_LOC_STRINGS = YES;
				SWIFT_UPCOMING_FEATURE_MEMBER_IMPORT_VISIBILITY = YES;
				SWIFT_VERSION = 5.0;
				TARGETED_DEVICE_FAMILY = "1,2";
			};
			name = Debug;
		};
		76EC28DF2F5E83510054FE1F /* Release */ = {
			isa = XCBuildConfiguration;
			buildSettings = {
				ASSETCATALOG_COMPILER_APPICON_NAME = AppIcon;
				ASSETCATALOG_COMPILER_GLOBAL_ACCENT_COLOR_NAME = AccentColor;
				CODE_SIGN_STYLE = Automatic;
				CURRENT_PROJECT_VERSION = 1;
				ENABLE_PREVIEWS = YES;
				GENERATE_INFOPLIST_FILE = YES;
				INFOPLIST_KEY_UIApplicationSceneManifest_Generation = YES;
				INFOPLIST_KEY_UIApplicationSupportsIndirectInputEvents = YES;
				INFOPLIST_KEY_UILaunchScreen_Generation = YES;
				INFOPLIST_KEY_UISupportedInterfaceOrientations_iPad = "UIInterfaceOrientationPortrait UIInterfaceOrientationPortraitUpsideDown UIInterfaceOrientationLandscapeLeft UIInterfaceOrientationLandscapeRight";
				INFOPLIST_KEY_UISupportedInterfaceOrientations_iPhone = "UIInterfaceOrientationPortrait UIInterfaceOrientationLandscapeLeft UIInterfaceOrientationLandscapeRight";
				LD_RUNPATH_SEARCH_PATHS = (
					"$(inherited)",
					"@executable_path/Frameworks",
				);
				MARKETING_VERSION = 1.0;
				PRODUCT_BUNDLE_IDENTIFIER = "com.Akashlal.AppRaisalKit-Sample";
				PRODUCT_NAME = "$(TARGET_NAME)";
				STRING_CATALOG_GENERATE_SYMBOLS = YES;
				SWIFT_APPROACHABLE_CONCURRENCY = YES;
				SWIFT_DEFAULT_ACTOR_ISOLATION = MainActor;
				SWIFT_EMIT_LOC_STRINGS = YES;
				SWIFT_UPCOMING_FEATURE_MEMBER_IMPORT_VISIBILITY = YES;
				SWIFT_VERSION = 5.0;
				TARGETED_DEVICE_FAMILY = "1,2";
			};
			name = Release;
		};
		76EC28E12F5E83510054FE1F /* Debug */ = {
			isa = XCBuildConfiguration;
			buildSettings = {
				BUNDLE_LOADER = "$(TEST_HOST)";
				CODE_SIGN_STYLE = Automatic;
				CURRENT_PROJECT_VERSION = 1;
				GENERATE_INFOPLIST_FILE = YES;
				IPHONEOS_DEPLOYMENT_TARGET = 26.2;
				MARKETING_VERSION = 1.0;
				PRODUCT_BUNDLE_IDENTIFIER = "com.Akashlal.AppRaisalKit-SampleTests";
				PRODUCT_NAME = "$(TARGET_NAME)";
				STRING_CATALOG_GENERATE_SYMBOLS = NO;
				SWIFT_APPROACHABLE_CONCURRENCY = YES;
				SWIFT_EMIT_LOC_STRINGS = NO;
				SWIFT_UPCOMING_FEATURE_MEMBER_IMPORT_VISIBILITY = YES;
				SWIFT_VERSION = 5.0;
				TARGETED_DEVICE_FAMILY = "1,2";
				TEST_HOST = "$(BUILT_PRODUCTS_DIR)/AppRaisalKit Sample.app/$(BUNDLE_EXECUTABLE_FOLDER_PATH)/AppRaisalKit Sample";
			};
			name = Debug;
		};
		76EC28E22F5E83510054FE1F /* Release */ = {
			isa = XCBuildConfiguration;
			buildSettings = {
				BUNDLE_LOADER = "$(TEST_HOST)";
				CODE_SIGN_STYLE = Automatic;
				CURRENT_PROJECT_VERSION = 1;
				GENERATE_INFOPLIST_FILE = YES;
				IPHONEOS_DEPLOYMENT_TARGET = 26.2;
				MARKETING_VERSION = 1.0;
				PRODUCT_BUNDLE_IDENTIFIER = "com.Akashlal.AppRaisalKit-SampleTests";
				PRODUCT_NAME = "$(TARGET_NAME)";
				STRING_CATALOG_GENERATE_SYMBOLS = NO;
				SWIFT_APPROACHABLE_CONCURRENCY = YES;
				SWIFT_EMIT_LOC_STRINGS = NO;
				SWIFT_UPCOMING_FEATURE_MEMBER_IMPORT_VISIBILITY = YES;
				SWIFT_VERSION = 5.0;
				TARGETED_DEVICE_FAMILY = "1,2";
				TEST_HOST = "$(BUILT_PRODUCTS_DIR)/AppRaisalKit Sample.app/$(BUNDLE_EXECUTABLE_FOLDER_PATH)/AppRaisalKit Sample";
			};
			name = Release;
		};
		76EC28E42F5E83510054FE1F /* Debug */ = {
			isa = XCBuildConfiguration;
			buildSettings = {
				CODE_SIGN_STYLE = Automatic;
				CURRENT_PROJECT_VERSION = 1;
				GENERATE_INFOPLIST_FILE = YES;
				MARKETING_VERSION = 1.0;
				PRODUCT_BUNDLE_IDENTIFIER = "com.Akashlal.AppRaisalKit-SampleUITests";
				PRODUCT_NAME = "$(TARGET_NAME)";
				STRING_CATALOG_GENERATE_SYMBOLS = NO;
				SWIFT_APPROACHABLE_CONCURRENCY = YES;
				SWIFT_EMIT_LOC_STRINGS = NO;
				SWIFT_UPCOMING_FEATURE_MEMBER_IMPORT_VISIBILITY = YES;
				SWIFT_VERSION = 5.0;
				TARGETED_DEVICE_FAMILY = "1,2";
				TEST_TARGET_NAME = "AppRaisalKit Sample";
			};
			name = Debug;
		};
		76EC28E52F5E83510054FE1F /* Release */ = {
			isa = XCBuildConfiguration;
			buildSettings = {
				CODE_SIGN_STYLE = Automatic;
				CURRENT_PROJECT_VERSION = 1;
				GENERATE_INFOPLIST_FILE = YES;
				MARKETING_VERSION = 1.0;
				PRODUCT_BUNDLE_IDENTIFIER = "com.Akashlal.AppRaisalKit-SampleUITests";
				PRODUCT_NAME = "$(TARGET_NAME)";
				STRING_CATALOG_GENERATE_SYMBOLS = NO;
				SWIFT_APPROACHABLE_CONCURRENCY = YES;
				SWIFT_EMIT_LOC_STRINGS = NO;
				SWIFT_UPCOMING_FEATURE_MEMBER_IMPORT_VISIBILITY = YES;
				SWIFT_VERSION = 5.0;
				TARGETED_DEVICE_FAMILY = "1,2";
				TEST_TARGET_NAME = "AppRaisalKit Sample";
			};
			name = Release;
		};
/* End XCBuildConfiguration section */

/* Begin XCConfigurationList section */
		76EC28B72F5E834F0054FE1F /* Build configuration list for PBXProject "AppRaisalKit Sample" */ = {
			isa = XCConfigurationList;
			buildConfigurations = (
				76EC28DB2F5E83510054FE1F /* Debug */,
				76EC28DC2F5E83510054FE1F /* Release */,
			);
			defaultConfigurationIsVisible = 0;
			defaultConfigurationName = Release;
		};
		76EC28DD2F5E83510054FE1F /* Build configuration list for PBXNativeTarget "AppRaisalKit Sample" */ = {
			isa = XCConfigurationList;
			buildConfigurations = (
				76EC28DE2F5E83510054FE1F /* Debug */,
				76EC28DF2F5E83510054FE1F /* Release */,
			);
			defaultConfigurationIsVisible = 0;
			defaultConfigurationName = Release;
		};
		76EC28E02F5E83510054FE1F /* Build configuration list for PBXNativeTarget "AppRaisalKit SampleTests" */ = {
			isa = XCConfigurationList;
			buildConfigurations = (
				76EC28E12F5E83510054FE1F /* Debug */,
				76EC28E22F5E83510054FE1F /* Release */,
			);
			defaultConfigurationIsVisible = 0;
			defaultConfigurationName = Release;
		};
		76EC28E32F5E83510054FE1F /* Build configuration list for PBXNativeTarget "AppRaisalKit SampleUITests" */ = {
			isa = XCConfigurationList;
			buildConfigurations = (
				76EC28E42F5E83510054FE1F /* Debug */,
				76EC28E52F5E83510054FE1F /* Release */,
			);
			defaultConfigurationIsVisible = 0;
			defaultConfigurationName = Release;
		};
/* End XCConfigurationList section */
	};
	rootObject = 76EC28B42F5E834F0054FE1F /* Project object */;
}
